
Microsoft Visual Studio Solution File, Format Version 12.00
# Visual Studio Version 17
VisualStudioVersion = 17.7.34009.444
MinimumVisualStudioVersion = 10.0.40219.1
Project("{FAE04EC0-301F-11D3-BF4B-00C04F79EFBC}") = "MyAwesomeApp.Android", "MyAwesomeApp\MyAwesomeApp.Android\MyAwesomeApp.Android.csproj", "{D993B51C-B487-4037-8094-12D267FEC50B}"
EndProject
Project("{FAE04EC0-301F-11D3-BF4B-00C04F79EFBC}") = "MyAwesomeApp.iOS", "MyAwesomeApp\MyAwesomeApp.iOS\MyAwesomeApp.iOS.csproj", "{5A97529B-A1D4-4100-98D0-26D7813676C9}"
EndProject
Project("{FAE04EC0-301F-11D3-BF4B-00C04F79EFBC}") = "MyAwesomeApp", "MyAwesomeApp\MyAwesomeApp\MyAwesomeApp.csproj", "{A75D71B6-817B-430F-95C7-1936BAAEFA10}"
EndProject
Global
	GlobalSection(SolutionConfigurationPlatforms) = preSolution
		Debug|Any CPU = Debug|Any CPU
		Debug|iPhone = Debug|iPhone
		Debug|iPhoneSimulator = Debug|iPhoneSimulator
		Release|Any CPU = Release|Any CPU
		Release|iPhone = Release|iPhone
		Release|iPhoneSimulator = Release|iPhoneSimulator
	EndGlobalSection
	GlobalSection(ProjectConfigurationPlatforms) = postSolution
		{D993B51C-B487-4037-8094-12D267FEC50B}.Debug|Any CPU.ActiveCfg = Debug|Any CPU
		{D993B51C-B487-4037-8094-12D267FEC50B}.Debug|Any CPU.Build.0 = Debug|Any CPU
		{D993B51C-B487-4037-8094-12D267FEC50B}.Debug|Any CPU.Deploy.0 = Debug|Any CPU
		{D993B51C-B487-4037-8094-12D267FEC50B}.Debug|iPhone.ActiveCfg = Debug|Any CPU
		{D993B51C-B487-4037-8094-12D267FEC50B}.Debug|iPhone.Build.0 = Debug|Any CPU
		{D993B51C-B487-4037-8094-12D267FEC50B}.Debug|iPhone.Deploy.0 = Debug|Any CPU
		{D993B51C-B487-4037-8094-12D267FEC50B}.Debug|iPhoneSimulator.ActiveCfg = Debug|Any CPU
		{D993B51C-B487-4037-8094-12D267FEC50B}.Debug|iPhoneSimulator.Build.0 = Debug|Any CPU
		{D993B51C-B487-4037-8094-12D267FEC50B}.Debug|iPhoneSimulator.Deploy.0 = Debug|Any CPU
		{D993B51C-B487-4037-8094-12D267FEC50B}.Release|Any CPU.ActiveCfg = Release|Any CPU
		{D993B51C-B487-4037-8094-12D267FEC50B}.Release|Any CPU.Build.0 = Release|Any CPU
		{D993B51C-B487-4037-8094-12D267FEC50B}.Release|Any CPU.Deploy.0 = Release|Any CPU
		{D993B51C-B487-4037-8094-12D267FEC50B}.Release|iPhone.ActiveCfg = Release|Any CPU
		{D993B51C-B487-4037-8094-12D267FEC50B}.Release|iPhone.Build.0 = Release|Any CPU
		{D993B51C-B487-4037-8094-12D267FEC50B}.Release|iPhone.Deploy.0 = Release|Any CPU
		{D993B51C-B487-4037-8094-12D267FEC50B}.Release|iPhoneSimulator.ActiveCfg = Release|Any CPU
		{D993B51C-B487-4037-8094-12D267FEC50B}.Release|iPhoneSimulator.Build.0 = Release|Any CPU
		{D993B51C-B487-4037-8094-12D267FEC50B}.Release|iPhoneSimulator.Deploy.0 = Release|Any CPU
		{5A97529B-A1D4-4100-98D0-26D7813676C9}.Debug|Any CPU.ActiveCfg = Debug|iPhone
		{5A97529B-A1D4-4100-98D0-26D7813676C9}.Debug|Any CPU.Build.0 = Debug|iPhone
		{5A97529B-A1D4-4100-98D0-26D7813676C9}.Debug|Any CPU.Deploy.0 = Debug|iPhone
		{5A97529B-A1D4-4100-98D0-26D7813676C9}.Debug|iPhone.ActiveCfg = Debug|iPhone
		{5A97529B-A1D4-4100-98D0-26D7813676C9}.Debug|iPhone.Build.0 = Debug|iPhone
		{5A97529B-A1D4-4100-98D0-26D7813676C9}.Debug|iPhone.Deploy.0 = Debug|iPhone
		{5A97529B-A1D4-4100-98D0-26D7813676C9}.Debug|iPhoneSimulator.ActiveCfg = Debug|iPhoneSimulator
		{5A97529B-A1D4-4100-98D0-26D7813676C9}.Debug|iPhoneSimulator.Build.0 = Debug|iPhoneSimulator
		{5A97529B-A1D4-4100-98D0-26D7813676C9}.Debug|iPhoneSimulator.Deploy.0 = Debug|iPhoneSimulator
		{5A97529B-A1D4-4100-98D0-26D7813676C9}.Release|Any CPU.ActiveCfg = Release|iPhoneSimulator
		{5A97529B-A1D4-4100-98D0-26D7813676C9}.Release|Any CPU.Build.0 = Release|iPhoneSimulator
		{5A97529B-A1D4-4100-98D0-26D7813676C9}.Release|Any CPU.Deploy.0 = Release|iPhoneSimulator
		{5A97529B-A1D4-4100-98D0-26D7813676C9}.Release|iPhone.ActiveCfg = Release|iPhone
		{5A97529B-A1D4-4100-98D0-26D7813676C9}.Release|iPhone.Build.0 = Release|iPhone
		{5A97529B-A1D4-4100-98D0-26D7813676C9}.Release|iPhone.Deploy.0 = Release|iPhone
		{5A97529B-A1D4-4100-98D0-26D7813676C9}.Release|iPhoneSimulator.ActiveCfg = Release|iPhoneSimulator
		{5A97529B-A1D4-4100-98D0-26D7813676C9}.Release|iPhoneSimulator.Build.0 = Release|iPhoneSimulator
		{5A97529B-A1D4-4100-98D0-26D7813676C9}.Release|iPhoneSimulator.Deploy.0 = Release|iPhoneSimulator
		{A75D71B6-817B-430F-95C7-1936BAAEFA10}.Debug|Any CPU.ActiveCfg = Debug|Any CPU
		{A75D71B6-817B-430F-95C7-1936BAAEFA10}.Debug|Any CPU.Build.0 = Debug|Any CPU
		{A75D71B6-817B-430F-95C7-1936BAAEFA10}.Debug|Any CPU.Deploy.0 = Debug|Any CPU
		{A75D71B6-817B-430F-95C7-1936BAAEFA10}.Debug|iPhone.ActiveCfg = Debug|Any CPU
		{A75D71B6-817B-430F-95C7-1936BAAEFA10}.Debug|iPhone.Build.0 = Debug|Any CPU
		{A75D71B6-817B-430F-95C7-1936BAAEFA10}.Debug|iPhone.Deploy.0 = Debug|Any CPU
		{A75D71B6-817B-430F-95C7-1936BAAEFA10}.Debug|iPhoneSimulator.ActiveCfg = Debug|Any CPU
		{A75D71B6-817B-430F-95C7-1936BAAEFA10}.Debug|iPhoneSimulator.Build.0 = Debug|Any CPU
		{A75D71B6-817B-430F-95C7-1936BAAEFA10}.Debug|iPhoneSimulator.Deploy.0 = Debug|Any CPU
		{A75D71B6-817B-430F-95C7-1936BAAEFA10}.Release|Any CPU.ActiveCfg = Release|Any CPU
		{A75D71B6-817B-430F-95C7-1936BAAEFA10}.Release|Any CPU.Build.0 = Release|Any CPU
		{A75D71B6-817B-430F-95C7-1936BAAEFA10}.Release|Any CPU.Deploy.0 = Release|Any CPU
		{A75D71B6-817B-430F-95C7-1936BAAEFA10}.Release|iPhone.ActiveCfg = Release|Any CPU
		{A75D71B6-817B-430F-95C7-1936BAAEFA10}.Release|iPhone.Build.0 = Release|Any CPU
		{A75D71B6-817B-430F-95C7-1936BAAEFA10}.Release|iPhone.Deploy.0 = Release|Any CPU
		{A75D71B6-817B-430F-95C7-1936BAAEFA10}.Release|iPhoneSimulator.ActiveCfg = Release|Any CPU
		{A75D71B6-817B-430F-95C7-1936BAAEFA10}.Release|iPhoneSimulator.Build.0 = Release|Any CPU
		{A75D71B6-817B-430F-95C7-1936BAAEFA10}.Release|iPhoneSimulator.Deploy.0 = Release|Any CPU
	EndGlobalSection
	GlobalSection(SolutionProperties) = preSolution
		HideSolutionNode = FALSE
	EndGlobalSection
	GlobalSection(ExtensibilityGlobals) = postSolution
		SolutionGuid = {C608A158-6599-440E-B91E-C7A332A427B7}
	EndGlobalSection
EndGlobal
